
Microsoft Visual Studio Solution File, Format Version 12.00
# Visual Studio 15
VisualStudioVersion = 15.0.28010.2046
MinimumVisualStudioVersion = 10.0.40219.1
Project("{FAE04EC0-301F-11D3-BF4B-00C04F79EFBC}") = "18110157_LyDucMinh", "18110157_LyDucMinh\18110157_LyDucMinh.csproj", "{2999C7B7-C13E-41AD-B870-D0E1F538210C}"
EndProject
Global
	GlobalSection(SolutionConfigurationPlatforms) = preSolution
		Debug|Any CPU = Debug|Any CPU
		Release|Any CPU = Release|Any CPU
	EndGlobalSection
	GlobalSection(ProjectConfigurationPlatforms) = postSolution
		{2999C7B7-C13E-41AD-B870-D0E1F538210C}.Debug|Any CPU.ActiveCfg = Debug|Any CPU
		{2999C7B7-C13E-41AD-B870-D0E1F538210C}.Debug|Any CPU.Build.0 = Debug|Any CPU
		{2999C7B7-C13E-41AD-B870-D0E1F538210C}.Release|Any CPU.ActiveCfg = Release|Any CPU
		{2999C7B7-C13E-41AD-B870-D0E1F538210C}.Release|Any CPU.Build.0 = Release|Any CPU
	EndGlobalSection
	GlobalSection(SolutionProperties) = preSolution
		HideSolutionNode = FALSE
	EndGlobalSection
	GlobalSection(ExtensibilityGlobals) = postSolution
		SolutionGuid = {99BB7512-1CD1-4A14-8221-6C994DFFE811}
	EndGlobalSection
EndGlobal
